// !$*UTF8*$!
{
	archiveVersion = 1;
	classes = {
	};
	objectVersion = 56;
	objects = {

/* Begin PBXBuildFile section */
		283041142919C42E00010645 /* main.swift in Sources */ = {isa = PBXBuildFile; fileRef = 283041132919C42E00010645 /* main.swift */; };
		2830411B2919C4BC00010645 /* week1.swift in Sources */ = {isa = PBXBuildFile; fileRef = 2830411A2919C4BC00010645 /* week1.swift */; };
		283041202919C83500010645 /* util.swift in Sources */ = {isa = PBXBuildFile; fileRef = 2830411F2919C83500010645 /* util.swift */; };
		288B5753292C334B00465061 /* crypto.swift in Sources */ = {isa = PBXBuildFile; fileRef = 288B5752292C334B00465061 /* crypto.swift */; };
		28AFA6B3291B13930002FDC7 /* volume.swift in Sources */ = {isa = PBXBuildFile; fileRef = 28AFA6B2291B13930002FDC7 /* volume.swift */; };
		28AFA6B6291B1C270002FDC7 /* coordinates.swift in Sources */ = {isa = PBXBuildFile; fileRef = 28AFA6B5291B1C270002FDC7 /* coordinates.swift */; };
/* End PBXBuildFile section */

/* Begin PBXCopyFilesBuildPhase section */
		2830410E2919C42E00010645 /* CopyFiles */ = {
			isa = PBXCopyFilesBuildPhase;
			buildActionMask = 2147483647;
			dstPath = /usr/share/man/man1/;
			dstSubfolderSpec = 0;
			files = (
			);
			runOnlyForDeploymentPostprocessing = 1;
		};
/* End PBXCopyFilesBuildPhase section */

/* Begin PBXFileReference section */
		283041102919C42E00010645 /* AoC 2015 */ = {isa = PBXFileReference; explicitFileType = "compiled.mach-o.executable"; includeInIndex = 0; path = "AoC 2015"; sourceTree = BUILT_PRODUCTS_DIR; };
		283041132919C42E00010645 /* main.swift */ = {isa = PBXFileReference; lastKnownFileType = sourcecode.swift; path = main.swift; sourceTree = "<group>"; };
		2830411A2919C4BC00010645 /* week1.swift */ = {isa = PBXFileReference; lastKnownFileType = sourcecode.swift; path = week1.swift; sourceTree = "<group>"; };
		2830411D2919C5A800010645 /* day1_tests.txt */ = {isa = PBXFileReference; lastKnownFileType = text; path = day1_tests.txt; sourceTree = "<group>"; };
		2830411E2919C5F800010645 /* day1_input.txt */ = {isa = PBXFileReference; lastKnownFileType = text; path = day1_input.txt; sourceTree = "<group>"; };
		2830411F2919C83500010645 /* util.swift */ = {isa = PBXFileReference; lastKnownFileType = sourcecode.swift; path = util.swift; sourceTree = "<group>"; };
		288B5751292C32F100465061 /* day4_input.txt */ = {isa = PBXFileReference; lastKnownFileType = text; path = day4_input.txt; sourceTree = "<group>"; };
		288B5752292C334B00465061 /* crypto.swift */ = {isa = PBXFileReference; lastKnownFileType = sourcecode.swift; path = crypto.swift; sourceTree = "<group>"; };
		28AFA6B1291B132C0002FDC7 /* day2_tests.txt */ = {isa = PBXFileReference; lastKnownFileType = text; path = day2_tests.txt; sourceTree = "<group>"; };
		28AFA6B2291B13930002FDC7 /* volume.swift */ = {isa = PBXFileReference; lastKnownFileType = sourcecode.swift; path = volume.swift; sourceTree = "<group>"; };
		28AFA6B4291B17550002FDC7 /* day2_input.txt */ = {isa = PBXFileReference; lastKnownFileType = text; path = day2_input.txt; sourceTree = "<group>"; };
		28AFA6B5291B1C270002FDC7 /* coordinates.swift */ = {isa = PBXFileReference; lastKnownFileType = sourcecode.swift; path = coordinates.swift; sourceTree = "<group>"; };
		28AFA6B7291B1E1F0002FDC7 /* day3_input.txt */ = {isa = PBXFileReference; lastKnownFileType = text; path = day3_input.txt; sourceTree = "<group>"; };
		28AFA6B8291B1E3E0002FDC7 /* day3_tests.txt */ = {isa = PBXFileReference; lastKnownFileType = text; path = day3_tests.txt; sourceTree = "<group>"; };
/* End PBXFileReference section */

/* Begin PBXFrameworksBuildPhase section */
		2830410D2919C42E00010645 /* Frameworks */ = {
			isa = PBXFrameworksBuildPhase;
			buildActionMask = 2147483647;
			files = (
			);
			runOnlyForDeploymentPostprocessing = 0;
		};
/* End PBXFrameworksBuildPhase section */

/* Begin PBXGroup section */
		283041072919C42E00010645 = {
			isa = PBXGroup;
			children = (
				2830411C2919C57200010645 /* Resources */,
				283041122919C42E00010645 /* AoC 2015 */,
				283041112919C42E00010645 /* Products */,
			);
			sourceTree = "<group>";
		};
		283041112919C42E00010645 /* Products */ = {
			isa = PBXGroup;
			children = (
				283041102919C42E00010645 /* AoC 2015 */,
			);
			name = Products;
			sourceTree = "<group>";
		};
		283041122919C42E00010645 /* AoC 2015 */ = {
			isa = PBXGroup;
			children = (
				28AFA6B5291B1C270002FDC7 /* coordinates.swift */,
				283041132919C42E00010645 /* main.swift */,
				2830411F2919C83500010645 /* util.swift */,
				28AFA6B2291B13930002FDC7 /* volume.swift */,
				2830411A2919C4BC00010645 /* week1.swift */,
				288B5752292C334B00465061 /* crypto.swift */,
			);
			path = "AoC 2015";
			sourceTree = "<group>";
		};
		2830411C2919C57200010645 /* Resources */ = {
			isa = PBXGroup;
			children = (
				2830411E2919C5F800010645 /* day1_input.txt */,
				2830411D2919C5A800010645 /* day1_tests.txt */,
				28AFA6B4291B17550002FDC7 /* day2_input.txt */,
				28AFA6B1291B132C0002FDC7 /* day2_tests.txt */,
				28AFA6B7291B1E1F0002FDC7 /* day3_input.txt */,
				28AFA6B8291B1E3E0002FDC7 /* day3_tests.txt */,
				288B5751292C32F100465061 /* day4_input.txt */,
			);
			path = Resources;
			sourceTree = "<group>";
		};
/* End PBXGroup section */

/* Begin PBXNativeTarget section */
		2830410F2919C42E00010645 /* AoC 2015 */ = {
			isa = PBXNativeTarget;
			buildConfigurationList = 283041172919C42E00010645 /* Build configuration list for PBXNativeTarget "AoC 2015" */;
			buildPhases = (
				2830410C2919C42E00010645 /* Sources */,
				2830410D2919C42E00010645 /* Frameworks */,
				2830410E2919C42E00010645 /* CopyFiles */,
			);
			buildRules = (
			);
			dependencies = (
			);
			name = "AoC 2015";
			productName = "AoC 2015";
			productReference = 283041102919C42E00010645 /* AoC 2015 */;
			productType = "com.apple.product-type.tool";
		};
/* End PBXNativeTarget section */

/* Begin PBXProject section */
		283041082919C42E00010645 /* Project object */ = {
			isa = PBXProject;
			attributes = {
				BuildIndependentTargetsInParallel = 1;
				LastSwiftUpdateCheck = 1410;
				LastUpgradeCheck = 1410;
				TargetAttributes = {
					2830410F2919C42E00010645 = {
						CreatedOnToolsVersion = 14.1;
					};
				};
			};
			buildConfigurationList = 2830410B2919C42E00010645 /* Build configuration list for PBXProject "AoC 2015" */;
			compatibilityVersion = "Xcode 14.0";
			developmentRegion = en;
			hasScannedForEncodings = 0;
			knownRegions = (
				en,
				Base,
			);
			mainGroup = 283041072919C42E00010645;
			productRefGroup = 283041112919C42E00010645 /* Products */;
			projectDirPath = "";
			projectRoot = "";
			targets = (
				2830410F2919C42E00010645 /* AoC 2015 */,
			);
		};
/* End PBXProject section */

/* Begin PBXSourcesBuildPhase section */
		2830410C2919C42E00010645 /* Sources */ = {
			isa = PBXSourcesBuildPhase;
			buildActionMask = 2147483647;
			files = (
				283041202919C83500010645 /* util.swift in Sources */,
				283041142919C42E00010645 /* main.swift in Sources */,
				2830411B2919C4BC00010645 /* week1.swift in Sources */,
				28AFA6B6291B1C270002FDC7 /* coordinates.swift in Sources */,
				288B5753292C334B00465061 /* crypto.swift in Sources */,
				28AFA6B3291B13930002FDC7 /* volume.swift in Sources */,
			);
			runOnlyForDeploymentPostprocessing = 0;
		};
/* End PBXSourcesBuildPhase section */

/* Begin XCBuildConfiguration section */
		283041152919C42E00010645 /* Debug */ = {
			isa = XCBuildConfiguration;
			buildSettings = {
				ALWAYS_SEARCH_USER_PATHS = NO;
				CLANG_ANALYZER_NONNULL = YES;
				CLANG_ANALYZER_NUMBER_OBJECT_CONVERSION = YES_AGGRESSIVE;
				CLANG_CXX_LANGUAGE_STANDARD = "gnu++20";
				CLANG_ENABLE_MODULES = YES;
				CLANG_ENABLE_OBJC_ARC = YES;
				CLANG_ENABLE_OBJC_WEAK = YES;
				CLANG_WARN_BLOCK_CAPTURE_AUTORELEASING = YES;
				CLANG_WARN_BOOL_CONVERSION = YES;
				CLANG_WARN_COMMA = YES;
				CLANG_WARN_CONSTANT_CONVERSION = YES;
				CLANG_WARN_DEPRECATED_OBJC_IMPLEMENTATIONS = YES;
				CLANG_WARN_DIRECT_OBJC_ISA_USAGE = YES_ERROR;
				CLANG_WARN_DOCUMENTATION_COMMENTS = YES;
				CLANG_WARN_EMPTY_BODY = YES;
				CLANG_WARN_ENUM_CONVERSION = YES;
				CLANG_WARN_INFINITE_RECURSION = YES;
				CLANG_WARN_INT_CONVERSION = YES;
				CLANG_WARN_NON_LITERAL_NULL_CONVERSION = YES;
				CLANG_WARN_OBJC_IMPLICIT_RETAIN_SELF = YES;
				CLANG_WARN_OBJC_LITERAL_CONVERSION = YES;
				CLANG_WARN_OBJC_ROOT_CLASS = YES_ERROR;
				CLANG_WARN_QUOTED_INCLUDE_IN_FRAMEWORK_HEADER = YES;
				CLANG_WARN_RANGE_LOOP_ANALYSIS = YES;
				CLANG_WARN_STRICT_PROTOTYPES = YES;
				CLANG_WARN_SUSPICIOUS_MOVE = YES;
				CLANG_WARN_UNGUARDED_AVAILABILITY = YES_AGGRESSIVE;
				CLANG_WARN_UNREACHABLE_CODE = YES;
				CLANG_WARN__DUPLICATE_METHOD_MATCH = YES;
				COPY_PHASE_STRIP = NO;
				DEBUG_INFORMATION_FORMAT = dwarf;
				ENABLE_STRICT_OBJC_MSGSEND = YES;
				ENABLE_TESTABILITY = YES;
				GCC_C_LANGUAGE_STANDARD = gnu11;
				GCC_DYNAMIC_NO_PIC = NO;
				GCC_NO_COMMON_BLOCKS = YES;
				GCC_OPTIMIZATION_LEVEL = 0;
				GCC_PREPROCESSOR_DEFINITIONS = (
					"DEBUG=1",
					"$(inherited)",
				);
				GCC_WARN_64_TO_32_BIT_CONVERSION = YES;
				GCC_WARN_ABOUT_RETURN_TYPE = YES_ERROR;
				GCC_WARN_UNDECLARED_SELECTOR = YES;
				GCC_WARN_UNINITIALIZED_AUTOS = YES_AGGRESSIVE;
				GCC_WARN_UNUSED_FUNCTION = YES;
				GCC_WARN_UNUSED_VARIABLE = YES;
				MACOSX_DEPLOYMENT_TARGET = 13.0;
				MTL_ENABLE_DEBUG_INFO = INCLUDE_SOURCE;
				MTL_FAST_MATH = YES;
				ONLY_ACTIVE_ARCH = YES;
				SDKROOT = macosx;
				SWIFT_ACTIVE_COMPILATION_CONDITIONS = DEBUG;
				SWIFT_OPTIMIZATION_LEVEL = "-Onone";
			};
			name = Debug;
		};
		283041162919C42E00010645 /* Release */ = {
			isa = XCBuildConfiguration;
			buildSettings = {
				ALWAYS_SEARCH_USER_PATHS = NO;
				CLANG_ANALYZER_NONNULL = YES;
				CLANG_ANALYZER_NUMBER_OBJECT_CONVERSION = YES_AGGRESSIVE;
				CLANG_CXX_LANGUAGE_STANDARD = "gnu++20";
				CLANG_ENABLE_MODULES = YES;
				CLANG_ENABLE_OBJC_ARC = YES;
				CLANG_ENABLE_OBJC_WEAK = YES;
				CLANG_WARN_BLOCK_CAPTURE_AUTORELEASING = YES;
				CLANG_WARN_BOOL_CONVERSION = YES;
				CLANG_WARN_COMMA = YES;
				CLANG_WARN_CONSTANT_CONVERSION = YES;
				CLANG_WARN_DEPRECATED_OBJC_IMPLEMENTATIONS = YES;
				CLANG_WARN_DIRECT_OBJC_ISA_USAGE = YES_ERROR;
				CLANG_WARN_DOCUMENTATION_COMMENTS = YES;
				CLANG_WARN_EMPTY_BODY = YES;
				CLANG_WARN_ENUM_CONVERSION = YES;
				CLANG_WARN_INFINITE_RECURSION = YES;
				CLANG_WARN_INT_CONVERSION = YES;
				CLANG_WARN_NON_LITERAL_NULL_CONVERSION = YES;
				CLANG_WARN_OBJC_IMPLICIT_RETAIN_SELF = YES;
				CLANG_WARN_OBJC_LITERAL_CONVERSION = YES;
				CLANG_WARN_OBJC_ROOT_CLASS = YES_ERROR;
				CLANG_WARN_QUOTED_INCLUDE_IN_FRAMEWORK_HEADER = YES;
				CLANG_WARN_RANGE_LOOP_ANALYSIS = YES;
				CLANG_WARN_STRICT_PROTOTYPES = YES;
				CLANG_WARN_SUSPICIOUS_MOVE = YES;
				CLANG_WARN_UNGUARDED_AVAILABILITY = YES_AGGRESSIVE;
				CLANG_WARN_UNREACHABLE_CODE = YES;
				CLANG_WARN__DUPLICATE_METHOD_MATCH = YES;
				COPY_PHASE_STRIP = NO;
				DEBUG_INFORMATION_FORMAT = "dwarf-with-dsym";
				ENABLE_NS_ASSERTIONS = NO;
				ENABLE_STRICT_OBJC_MSGSEND = YES;
				GCC_C_LANGUAGE_STANDARD = gnu11;
				GCC_NO_COMMON_BLOCKS = YES;
				GCC_WARN_64_TO_32_BIT_CONVERSION = YES;
				GCC_WARN_ABOUT_RETURN_TYPE = YES_ERROR;
				GCC_WARN_UNDECLARED_SELECTOR = YES;
				GCC_WARN_UNINITIALIZED_AUTOS = YES_AGGRESSIVE;
				GCC_WARN_UNUSED_FUNCTION = YES;
				GCC_WARN_UNUSED_VARIABLE = YES;
				MACOSX_DEPLOYMENT_TARGET = 13.0;
				MTL_ENABLE_DEBUG_INFO = NO;
				MTL_FAST_MATH = YES;
				SDKROOT = macosx;
				SWIFT_COMPILATION_MODE = wholemodule;
				SWIFT_OPTIMIZATION_LEVEL = "-O";
			};
			name = Release;
		};
		283041182919C42E00010645 /* Debug */ = {
			isa = XCBuildConfiguration;
			buildSettings = {
				CODE_SIGN_STYLE = Automatic;
				DEVELOPMENT_TEAM = 7JBVTX94L2;
				ENABLE_HARDENED_RUNTIME = YES;
				PRODUCT_NAME = "$(TARGET_NAME)";
				SWIFT_VERSION = 5.0;
			};
			name = Debug;
		};
		283041192919C42E00010645 /* Release */ = {
			isa = XCBuildConfiguration;
			buildSettings = {
				CODE_SIGN_STYLE = Automatic;
				DEVELOPMENT_TEAM = 7JBVTX94L2;
				ENABLE_HARDENED_RUNTIME = YES;
				PRODUCT_NAME = "$(TARGET_NAME)";
				SWIFT_VERSION = 5.0;
			};
			name = Release;
		};
/* End XCBuildConfiguration section */

/* Begin XCConfigurationList section */
		2830410B2919C42E00010645 /* Build configuration list for PBXProject "AoC 2015" */ = {
			isa = XCConfigurationList;
			buildConfigurations = (
				283041152919C42E00010645 /* Debug */,
				283041162919C42E00010645 /* Release */,
			);
			defaultConfigurationIsVisible = 0;
			defaultConfigurationName = Release;
		};
		283041172919C42E00010645 /* Build configuration list for PBXNativeTarget "AoC 2015" */ = {
			isa = XCConfigurationList;
			buildConfigurations = (
				283041182919C42E00010645 /* Debug */,
				283041192919C42E00010645 /* Release */,
			);
			defaultConfigurationIsVisible = 0;
			defaultConfigurationName = Release;
		};
/* End XCConfigurationList section */
	};
	rootObject = 283041082919C42E00010645 /* Project object */;
}
