// !$*UTF8*$!
{
	archiveVersion = 1;
	classes = {
	};
	objectVersion = 56;
	objects = {

/* Begin PBXBuildFile section */
		63D077622B95244500906970 /* Advent.swift in Sources */ = {isa = PBXBuildFile; fileRef = 63D077612B95244500906970 /* Advent.swift */; };
		63D077692B95276600906970 /* Util.swift in Sources */ = {isa = PBXBuildFile; fileRef = 63D077682B95276600906970 /* Util.swift */; };
		63D0776B2B95279000906970 /* Week4.swift in Sources */ = {isa = PBXBuildFile; fileRef = 63D0776A2B95279000906970 /* Week4.swift */; };
		63D0776D2B9527B000906970 /* Jengatris.swift in Sources */ = {isa = PBXBuildFile; fileRef = 63D0776C2B9527B000906970 /* Jengatris.swift */; };
		63D0776F2B9527DC00906970 /* AABB.swift in Sources */ = {isa = PBXBuildFile; fileRef = 63D0776E2B9527DC00906970 /* AABB.swift */; };
		63D077712B95280700906970 /* VoxelVolume.swift in Sources */ = {isa = PBXBuildFile; fileRef = 63D077702B95280700906970 /* VoxelVolume.swift */; };
/* End PBXBuildFile section */

/* Begin PBXCopyFilesBuildPhase section */
		63D0775C2B95244500906970 /* CopyFiles */ = {
			isa = PBXCopyFilesBuildPhase;
			buildActionMask = 2147483647;
			dstPath = /usr/share/man/man1/;
			dstSubfolderSpec = 0;
			files = (
			);
			runOnlyForDeploymentPostprocessing = 1;
		};
/* End PBXCopyFilesBuildPhase section */

/* Begin PBXFileReference section */
		63D0775E2B95244500906970 /* AoC 2023 */ = {isa = PBXFileReference; explicitFileType = "compiled.mach-o.executable"; includeInIndex = 0; path = "AoC 2023"; sourceTree = BUILT_PRODUCTS_DIR; };
		63D077612B95244500906970 /* Advent.swift */ = {isa = PBXFileReference; lastKnownFileType = sourcecode.swift; path = Advent.swift; sourceTree = "<group>"; };
		63D077682B95276600906970 /* Util.swift */ = {isa = PBXFileReference; lastKnownFileType = sourcecode.swift; path = Util.swift; sourceTree = "<group>"; };
		63D0776A2B95279000906970 /* Week4.swift */ = {isa = PBXFileReference; lastKnownFileType = sourcecode.swift; path = Week4.swift; sourceTree = "<group>"; };
		63D0776C2B9527B000906970 /* Jengatris.swift */ = {isa = PBXFileReference; lastKnownFileType = sourcecode.swift; path = Jengatris.swift; sourceTree = "<group>"; };
		63D0776E2B9527DC00906970 /* AABB.swift */ = {isa = PBXFileReference; lastKnownFileType = sourcecode.swift; path = AABB.swift; sourceTree = "<group>"; };
		63D077702B95280700906970 /* VoxelVolume.swift */ = {isa = PBXFileReference; lastKnownFileType = sourcecode.swift; path = VoxelVolume.swift; sourceTree = "<group>"; };
		63D077722B95281F00906970 /* Resources */ = {isa = PBXFileReference; lastKnownFileType = folder; path = Resources; sourceTree = "<group>"; };
/* End PBXFileReference section */

/* Begin PBXFrameworksBuildPhase section */
		63D0775B2B95244500906970 /* Frameworks */ = {
			isa = PBXFrameworksBuildPhase;
			buildActionMask = 2147483647;
			files = (
			);
			runOnlyForDeploymentPostprocessing = 0;
		};
/* End PBXFrameworksBuildPhase section */

/* Begin PBXGroup section */
		63D077552B95244500906970 = {
			isa = PBXGroup;
			children = (
				63D077722B95281F00906970 /* Resources */,
				63D077602B95244500906970 /* AoC 2023 */,
				63D0775F2B95244500906970 /* Products */,
			);
			sourceTree = "<group>";
		};
		63D0775F2B95244500906970 /* Products */ = {
			isa = PBXGroup;
			children = (
				63D0775E2B95244500906970 /* AoC 2023 */,
			);
			name = Products;
			sourceTree = "<group>";
		};
		63D077602B95244500906970 /* AoC 2023 */ = {
			isa = PBXGroup;
			children = (
				63D0776E2B9527DC00906970 /* AABB.swift */,
				63D077612B95244500906970 /* Advent.swift */,
				63D0776C2B9527B000906970 /* Jengatris.swift */,
				63D077682B95276600906970 /* Util.swift */,
				63D077702B95280700906970 /* VoxelVolume.swift */,
				63D0776A2B95279000906970 /* Week4.swift */,
			);
			path = "AoC 2023";
			sourceTree = "<group>";
		};
/* End PBXGroup section */

/* Begin PBXNativeTarget section */
		63D0775D2B95244500906970 /* AoC 2023 */ = {
			isa = PBXNativeTarget;
			buildConfigurationList = 63D077652B95244500906970 /* Build configuration list for PBXNativeTarget "AoC 2023" */;
			buildPhases = (
				63D0775A2B95244500906970 /* Sources */,
				63D0775B2B95244500906970 /* Frameworks */,
				63D0775C2B95244500906970 /* CopyFiles */,
			);
			buildRules = (
			);
			dependencies = (
			);
			name = "AoC 2023";
			productName = "AoC 2023";
			productReference = 63D0775E2B95244500906970 /* AoC 2023 */;
			productType = "com.apple.product-type.tool";
		};
/* End PBXNativeTarget section */

/* Begin PBXProject section */
		63D077562B95244500906970 /* Project object */ = {
			isa = PBXProject;
			attributes = {
				BuildIndependentTargetsInParallel = 1;
				LastSwiftUpdateCheck = 1520;
				LastUpgradeCheck = 1520;
				TargetAttributes = {
					63D0775D2B95244500906970 = {
						CreatedOnToolsVersion = 15.2;
					};
				};
			};
			buildConfigurationList = 63D077592B95244500906970 /* Build configuration list for PBXProject "AoC 2023" */;
			compatibilityVersion = "Xcode 14.0";
			developmentRegion = en;
			hasScannedForEncodings = 0;
			knownRegions = (
				en,
				Base,
			);
			mainGroup = 63D077552B95244500906970;
			productRefGroup = 63D0775F2B95244500906970 /* Products */;
			projectDirPath = "";
			projectRoot = "";
			targets = (
				63D0775D2B95244500906970 /* AoC 2023 */,
			);
		};
/* End PBXProject section */

/* Begin PBXSourcesBuildPhase section */
		63D0775A2B95244500906970 /* Sources */ = {
			isa = PBXSourcesBuildPhase;
			buildActionMask = 2147483647;
			files = (
				63D077712B95280700906970 /* VoxelVolume.swift in Sources */,
				63D077622B95244500906970 /* Advent.swift in Sources */,
				63D0776D2B9527B000906970 /* Jengatris.swift in Sources */,
				63D077692B95276600906970 /* Util.swift in Sources */,
				63D0776B2B95279000906970 /* Week4.swift in Sources */,
				63D0776F2B9527DC00906970 /* AABB.swift in Sources */,
			);
			runOnlyForDeploymentPostprocessing = 0;
		};
/* End PBXSourcesBuildPhase section */

/* Begin XCBuildConfiguration section */
		63D077632B95244500906970 /* Debug */ = {
			isa = XCBuildConfiguration;
			buildSettings = {
				ALWAYS_SEARCH_USER_PATHS = NO;
				ASSETCATALOG_COMPILER_GENERATE_SWIFT_ASSET_SYMBOL_EXTENSIONS = YES;
				CLANG_ANALYZER_NONNULL = YES;
				CLANG_ANALYZER_NUMBER_OBJECT_CONVERSION = YES_AGGRESSIVE;
				CLANG_CXX_LANGUAGE_STANDARD = "gnu++20";
				CLANG_ENABLE_MODULES = YES;
				CLANG_ENABLE_OBJC_ARC = YES;
				CLANG_ENABLE_OBJC_WEAK = YES;
				CLANG_WARN_BLOCK_CAPTURE_AUTORELEASING = YES;
				CLANG_WARN_BOOL_CONVERSION = YES;
				CLANG_WARN_COMMA = YES;
				CLANG_WARN_CONSTANT_CONVERSION = YES;
				CLANG_WARN_DEPRECATED_OBJC_IMPLEMENTATIONS = YES;
				CLANG_WARN_DIRECT_OBJC_ISA_USAGE = YES_ERROR;
				CLANG_WARN_DOCUMENTATION_COMMENTS = YES;
				CLANG_WARN_EMPTY_BODY = YES;
				CLANG_WARN_ENUM_CONVERSION = YES;
				CLANG_WARN_INFINITE_RECURSION = YES;
				CLANG_WARN_INT_CONVERSION = YES;
				CLANG_WARN_NON_LITERAL_NULL_CONVERSION = YES;
				CLANG_WARN_OBJC_IMPLICIT_RETAIN_SELF = YES;
				CLANG_WARN_OBJC_LITERAL_CONVERSION = YES;
				CLANG_WARN_OBJC_ROOT_CLASS = YES_ERROR;
				CLANG_WARN_QUOTED_INCLUDE_IN_FRAMEWORK_HEADER = YES;
				CLANG_WARN_RANGE_LOOP_ANALYSIS = YES;
				CLANG_WARN_STRICT_PROTOTYPES = YES;
				CLANG_WARN_SUSPICIOUS_MOVE = YES;
				CLANG_WARN_UNGUARDED_AVAILABILITY = YES_AGGRESSIVE;
				CLANG_WARN_UNREACHABLE_CODE = YES;
				CLANG_WARN__DUPLICATE_METHOD_MATCH = YES;
				COPY_PHASE_STRIP = NO;
				DEBUG_INFORMATION_FORMAT = dwarf;
				ENABLE_STRICT_OBJC_MSGSEND = YES;
				ENABLE_TESTABILITY = YES;
				ENABLE_USER_SCRIPT_SANDBOXING = YES;
				GCC_C_LANGUAGE_STANDARD = gnu17;
				GCC_DYNAMIC_NO_PIC = NO;
				GCC_NO_COMMON_BLOCKS = YES;
				GCC_OPTIMIZATION_LEVEL = 0;
				GCC_PREPROCESSOR_DEFINITIONS = (
					"DEBUG=1",
					"$(inherited)",
				);
				GCC_WARN_64_TO_32_BIT_CONVERSION = YES;
				GCC_WARN_ABOUT_RETURN_TYPE = YES_ERROR;
				GCC_WARN_UNDECLARED_SELECTOR = YES;
				GCC_WARN_UNINITIALIZED_AUTOS = YES_AGGRESSIVE;
				GCC_WARN_UNUSED_FUNCTION = YES;
				GCC_WARN_UNUSED_VARIABLE = YES;
				LOCALIZATION_PREFERS_STRING_CATALOGS = YES;
				MACOSX_DEPLOYMENT_TARGET = 14.2;
				MTL_ENABLE_DEBUG_INFO = INCLUDE_SOURCE;
				MTL_FAST_MATH = YES;
				ONLY_ACTIVE_ARCH = YES;
				SDKROOT = macosx;
				SWIFT_ACTIVE_COMPILATION_CONDITIONS = "DEBUG $(inherited)";
				SWIFT_OPTIMIZATION_LEVEL = "-Onone";
			};
			name = Debug;
		};
		63D077642B95244500906970 /* Release */ = {
			isa = XCBuildConfiguration;
			buildSettings = {
				ALWAYS_SEARCH_USER_PATHS = NO;
				ASSETCATALOG_COMPILER_GENERATE_SWIFT_ASSET_SYMBOL_EXTENSIONS = YES;
				CLANG_ANALYZER_NONNULL = YES;
				CLANG_ANALYZER_NUMBER_OBJECT_CONVERSION = YES_AGGRESSIVE;
				CLANG_CXX_LANGUAGE_STANDARD = "gnu++20";
				CLANG_ENABLE_MODULES = YES;
				CLANG_ENABLE_OBJC_ARC = YES;
				CLANG_ENABLE_OBJC_WEAK = YES;
				CLANG_WARN_BLOCK_CAPTURE_AUTORELEASING = YES;
				CLANG_WARN_BOOL_CONVERSION = YES;
				CLANG_WARN_COMMA = YES;
				CLANG_WARN_CONSTANT_CONVERSION = YES;
				CLANG_WARN_DEPRECATED_OBJC_IMPLEMENTATIONS = YES;
				CLANG_WARN_DIRECT_OBJC_ISA_USAGE = YES_ERROR;
				CLANG_WARN_DOCUMENTATION_COMMENTS = YES;
				CLANG_WARN_EMPTY_BODY = YES;
				CLANG_WARN_ENUM_CONVERSION = YES;
				CLANG_WARN_INFINITE_RECURSION = YES;
				CLANG_WARN_INT_CONVERSION = YES;
				CLANG_WARN_NON_LITERAL_NULL_CONVERSION = YES;
				CLANG_WARN_OBJC_IMPLICIT_RETAIN_SELF = YES;
				CLANG_WARN_OBJC_LITERAL_CONVERSION = YES;
				CLANG_WARN_OBJC_ROOT_CLASS = YES_ERROR;
				CLANG_WARN_QUOTED_INCLUDE_IN_FRAMEWORK_HEADER = YES;
				CLANG_WARN_RANGE_LOOP_ANALYSIS = YES;
				CLANG_WARN_STRICT_PROTOTYPES = YES;
				CLANG_WARN_SUSPICIOUS_MOVE = YES;
				CLANG_WARN_UNGUARDED_AVAILABILITY = YES_AGGRESSIVE;
				CLANG_WARN_UNREACHABLE_CODE = YES;
				CLANG_WARN__DUPLICATE_METHOD_MATCH = YES;
				COPY_PHASE_STRIP = NO;
				DEBUG_INFORMATION_FORMAT = "dwarf-with-dsym";
				ENABLE_NS_ASSERTIONS = NO;
				ENABLE_STRICT_OBJC_MSGSEND = YES;
				ENABLE_USER_SCRIPT_SANDBOXING = YES;
				GCC_C_LANGUAGE_STANDARD = gnu17;
				GCC_NO_COMMON_BLOCKS = YES;
				GCC_WARN_64_TO_32_BIT_CONVERSION = YES;
				GCC_WARN_ABOUT_RETURN_TYPE = YES_ERROR;
				GCC_WARN_UNDECLARED_SELECTOR = YES;
				GCC_WARN_UNINITIALIZED_AUTOS = YES_AGGRESSIVE;
				GCC_WARN_UNUSED_FUNCTION = YES;
				GCC_WARN_UNUSED_VARIABLE = YES;
				LOCALIZATION_PREFERS_STRING_CATALOGS = YES;
				MACOSX_DEPLOYMENT_TARGET = 14.2;
				MTL_ENABLE_DEBUG_INFO = NO;
				MTL_FAST_MATH = YES;
				SDKROOT = macosx;
				SWIFT_COMPILATION_MODE = wholemodule;
			};
			name = Release;
		};
		63D077662B95244500906970 /* Debug */ = {
			isa = XCBuildConfiguration;
			buildSettings = {
				CODE_SIGN_STYLE = Automatic;
				DEVELOPMENT_TEAM = 7JBVTX94L2;
				ENABLE_HARDENED_RUNTIME = YES;
				PRODUCT_NAME = "$(TARGET_NAME)";
				SWIFT_VERSION = 5.0;
			};
			name = Debug;
		};
		63D077672B95244500906970 /* Release */ = {
			isa = XCBuildConfiguration;
			buildSettings = {
				CODE_SIGN_STYLE = Automatic;
				DEVELOPMENT_TEAM = 7JBVTX94L2;
				ENABLE_HARDENED_RUNTIME = YES;
				PRODUCT_NAME = "$(TARGET_NAME)";
				SWIFT_VERSION = 5.0;
			};
			name = Release;
		};
/* End XCBuildConfiguration section */

/* Begin XCConfigurationList section */
		63D077592B95244500906970 /* Build configuration list for PBXProject "AoC 2023" */ = {
			isa = XCConfigurationList;
			buildConfigurations = (
				63D077632B95244500906970 /* Debug */,
				63D077642B95244500906970 /* Release */,
			);
			defaultConfigurationIsVisible = 0;
			defaultConfigurationName = Release;
		};
		63D077652B95244500906970 /* Build configuration list for PBXNativeTarget "AoC 2023" */ = {
			isa = XCConfigurationList;
			buildConfigurations = (
				63D077662B95244500906970 /* Debug */,
				63D077672B95244500906970 /* Release */,
			);
			defaultConfigurationIsVisible = 0;
			defaultConfigurationName = Release;
		};
/* End XCConfigurationList section */
	};
	rootObject = 63D077562B95244500906970 /* Project object */;
}
